
Microsoft Visual Studio Solution File, Format Version 12.00
# Visual Studio Version 17
VisualStudioVersion = 17.7.34031.279
MinimumVisualStudioVersion = 10.0.40219.1
Project("{8BC9CEB8-8B4A-11D0-8D11-00A0C91BC942}") = "report_card_app", "report_card_app\report_card_app.vcxproj", "{BA18C02E-3095-402A-9B87-2F5F3EC33889}"
EndProject
Global
	GlobalSection(SolutionConfigurationPlatforms) = preSolution
		Debug|x64 = Debug|x64
		Debug|x86 = Debug|x86
		Release|x64 = Release|x64
		Release|x86 = Release|x86
	EndGlobalSection
	GlobalSection(ProjectConfigurationPlatforms) = postSolution
		{BA18C02E-3095-402A-9B87-2F5F3EC33889}.Debug|x64.ActiveCfg = Debug|x64
		{BA18C02E-3095-402A-9B87-2F5F3EC33889}.Debug|x64.Build.0 = Debug|x64
		{BA18C02E-3095-402A-9B87-2F5F3EC33889}.Debug|x86.ActiveCfg = Debug|Win32
		{BA18C02E-3095-402A-9B87-2F5F3EC33889}.Debug|x86.Build.0 = Debug|Win32
		{BA18C02E-3095-402A-9B87-2F5F3EC33889}.Release|x64.ActiveCfg = Release|x64
		{BA18C02E-3095-402A-9B87-2F5F3EC33889}.Release|x64.Build.0 = Release|x64
		{BA18C02E-3095-402A-9B87-2F5F3EC33889}.Release|x86.ActiveCfg = Release|Win32
		{BA18C02E-3095-402A-9B87-2F5F3EC33889}.Release|x86.Build.0 = Release|Win32
	EndGlobalSection
	GlobalSection(SolutionProperties) = preSolution
		HideSolutionNode = FALSE
	EndGlobalSection
	GlobalSection(ExtensibilityGlobals) = postSolution
		SolutionGuid = {002B5769-48E7-4F72-B12E-C5D9E794B815}
	EndGlobalSection
EndGlobal
